// !$*UTF8*$!
{
	archiveVersion = 1;
	classes = {
	};
	objectVersion = 50;
	objects = {

/* Begin PBXBuildFile section */
		E833D3BC2AA931DC00A497EB /* AppDelegate.swift in Sources */ = {isa = PBXBuildFile; fileRef = E833D3BB2AA931DC00A497EB /* AppDelegate.swift */; };
		E833D3BE2AA931DC00A497EB /* SceneDelegate.swift in Sources */ = {isa = PBXBuildFile; fileRef = E833D3BD2AA931DC00A497EB /* SceneDelegate.swift */; };
		E833D3C02AA931DC00A497EB /* ContentView.swift in Sources */ = {isa = PBXBuildFile; fileRef = E833D3BF2AA931DC00A497EB /* ContentView.swift */; };
		E833D3C22AA931E000A497EB /* Assets.xcassets in Resources */ = {isa = PBXBuildFile; fileRef = E833D3C12AA931E000A497EB /* Assets.xcassets */; };
		E833D3C52AA931E000A497EB /* Preview Assets.xcassets in Resources */ = {isa = PBXBuildFile; fileRef = E833D3C42AA931E000A497EB /* Preview Assets.xcassets */; };
		E833D3C82AA931E000A497EB /* LaunchScreen.storyboard in Resources */ = {isa = PBXBuildFile; fileRef = E833D3C62AA931E000A497EB /* LaunchScreen.storyboard */; };
		E833D3D32AA931E000A497EB /* Actividad_1Tests.swift in Sources */ = {isa = PBXBuildFile; fileRef = E833D3D22AA931E000A497EB /* Actividad_1Tests.swift */; };
		E833D3DE2AA931E000A497EB /* Actividad_1UITests.swift in Sources */ = {isa = PBXBuildFile; fileRef = E833D3DD2AA931E000A497EB /* Actividad_1UITests.swift */; };
/* End PBXBuildFile section */

/* Begin PBXContainerItemProxy section */
		E833D3CF2AA931E000A497EB /* PBXContainerItemProxy */ = {
			isa = PBXContainerItemProxy;
			containerPortal = E833D3B02AA931DC00A497EB /* Project object */;
			proxyType = 1;
			remoteGlobalIDString = E833D3B72AA931DC00A497EB;
			remoteInfo = "Actividad 1";
		};
		E833D3DA2AA931E000A497EB /* PBXContainerItemProxy */ = {
			isa = PBXContainerItemProxy;
			containerPortal = E833D3B02AA931DC00A497EB /* Project object */;
			proxyType = 1;
			remoteGlobalIDString = E833D3B72AA931DC00A497EB;
			remoteInfo = "Actividad 1";
		};
/* End PBXContainerItemProxy section */

/* Begin PBXFileReference section */
		E833D3B82AA931DC00A497EB /* Actividad 1.app */ = {isa = PBXFileReference; explicitFileType = wrapper.application; includeInIndex = 0; path = "Actividad 1.app"; sourceTree = BUILT_PRODUCTS_DIR; };
		E833D3BB2AA931DC00A497EB /* AppDelegate.swift */ = {isa = PBXFileReference; lastKnownFileType = sourcecode.swift; path = AppDelegate.swift; sourceTree = "<group>"; };
		E833D3BD2AA931DC00A497EB /* SceneDelegate.swift */ = {isa = PBXFileReference; lastKnownFileType = sourcecode.swift; path = SceneDelegate.swift; sourceTree = "<group>"; };
		E833D3BF2AA931DC00A497EB /* ContentView.swift */ = {isa = PBXFileReference; lastKnownFileType = sourcecode.swift; path = ContentView.swift; sourceTree = "<group>"; };
		E833D3C12AA931E000A497EB /* Assets.xcassets */ = {isa = PBXFileReference; lastKnownFileType = folder.assetcatalog; path = Assets.xcassets; sourceTree = "<group>"; };
		E833D3C42AA931E000A497EB /* Preview Assets.xcassets */ = {isa = PBXFileReference; lastKnownFileType = folder.assetcatalog; path = "Preview Assets.xcassets"; sourceTree = "<group>"; };
		E833D3C72AA931E000A497EB /* Base */ = {isa = PBXFileReference; lastKnownFileType = file.storyboard; name = Base; path = Base.lproj/LaunchScreen.storyboard; sourceTree = "<group>"; };
		E833D3C92AA931E000A497EB /* Info.plist */ = {isa = PBXFileReference; lastKnownFileType = text.plist.xml; path = Info.plist; sourceTree = "<group>"; };
		E833D3CE2AA931E000A497EB /* Actividad 1Tests.xctest */ = {isa = PBXFileReference; explicitFileType = wrapper.cfbundle; includeInIndex = 0; path = "Actividad 1Tests.xctest"; sourceTree = BUILT_PRODUCTS_DIR; };
		E833D3D22AA931E000A497EB /* Actividad_1Tests.swift */ = {isa = PBXFileReference; lastKnownFileType = sourcecode.swift; path = Actividad_1Tests.swift; sourceTree = "<group>"; };
		E833D3D42AA931E000A497EB /* Info.plist */ = {isa = PBXFileReference; lastKnownFileType = text.plist.xml; path = Info.plist; sourceTree = "<group>"; };
		E833D3D92AA931E000A497EB /* Actividad 1UITests.xctest */ = {isa = PBXFileReference; explicitFileType = wrapper.cfbundle; includeInIndex = 0; path = "Actividad 1UITests.xctest"; sourceTree = BUILT_PRODUCTS_DIR; };
		E833D3DD2AA931E000A497EB /* Actividad_1UITests.swift */ = {isa = PBXFileReference; lastKnownFileType = sourcecode.swift; path = Actividad_1UITests.swift; sourceTree = "<group>"; };
		E833D3DF2AA931E000A497EB /* Info.plist */ = {isa = PBXFileReference; lastKnownFileType = text.plist.xml; path = Info.plist; sourceTree = "<group>"; };
/* End PBXFileReference section */

/* Begin PBXFrameworksBuildPhase section */
		E833D3B52AA931DC00A497EB /* Frameworks */ = {
			isa = PBXFrameworksBuildPhase;
			buildActionMask = 2147483647;
			files = (
			);
			runOnlyForDeploymentPostprocessing = 0;
		};
		E833D3CB2AA931E000A497EB /* Frameworks */ = {
			isa = PBXFrameworksBuildPhase;
			buildActionMask = 2147483647;
			files = (
			);
			runOnlyForDeploymentPostprocessing = 0;
		};
		E833D3D62AA931E000A497EB /* Frameworks */ = {
			isa = PBXFrameworksBuildPhase;
			buildActionMask = 2147483647;
			files = (
			);
			runOnlyForDeploymentPostprocessing = 0;
		};
/* End PBXFrameworksBuildPhase section */

/* Begin PBXGroup section */
		E833D3AF2AA931DC00A497EB = {
			isa = PBXGroup;
			children = (
				E833D3BA2AA931DC00A497EB /* Actividad 1 */,
				E833D3D12AA931E000A497EB /* Actividad 1Tests */,
				E833D3DC2AA931E000A497EB /* Actividad 1UITests */,
				E833D3B92AA931DC00A497EB /* Products */,
			);
			sourceTree = "<group>";
		};
		E833D3B92AA931DC00A497EB /* Products */ = {
			isa = PBXGroup;
			children = (
				E833D3B82AA931DC00A497EB /* Actividad 1.app */,
				E833D3CE2AA931E000A497EB /* Actividad 1Tests.xctest */,
				E833D3D92AA931E000A497EB /* Actividad 1UITests.xctest */,
			);
			name = Products;
			sourceTree = "<group>";
		};
		E833D3BA2AA931DC00A497EB /* Actividad 1 */ = {
			isa = PBXGroup;
			children = (
				E833D3BB2AA931DC00A497EB /* AppDelegate.swift */,
				E833D3BD2AA931DC00A497EB /* SceneDelegate.swift */,
				E833D3BF2AA931DC00A497EB /* ContentView.swift */,
				E833D3C12AA931E000A497EB /* Assets.xcassets */,
				E833D3C62AA931E000A497EB /* LaunchScreen.storyboard */,
				E833D3C92AA931E000A497EB /* Info.plist */,
				E833D3C32AA931E000A497EB /* Preview Content */,
			);
			path = "Actividad 1";
			sourceTree = "<group>";
		};
		E833D3C32AA931E000A497EB /* Preview Content */ = {
			isa = PBXGroup;
			children = (
				E833D3C42AA931E000A497EB /* Preview Assets.xcassets */,
			);
			path = "Preview Content";
			sourceTree = "<group>";
		};
		E833D3D12AA931E000A497EB /* Actividad 1Tests */ = {
			isa = PBXGroup;
			children = (
				E833D3D22AA931E000A497EB /* Actividad_1Tests.swift */,
				E833D3D42AA931E000A497EB /* Info.plist */,
			);
			path = "Actividad 1Tests";
			sourceTree = "<group>";
		};
		E833D3DC2AA931E000A497EB /* Actividad 1UITests */ = {
			isa = PBXGroup;
			children = (
				E833D3DD2AA931E000A497EB /* Actividad_1UITests.swift */,
				E833D3DF2AA931E000A497EB /* Info.plist */,
			);
			path = "Actividad 1UITests";
			sourceTree = "<group>";
		};
/* End PBXGroup section */

/* Begin PBXNativeTarget section */
		E833D3B72AA931DC00A497EB /* Actividad 1 */ = {
			isa = PBXNativeTarget;
			buildConfigurationList = E833D3E22AA931E000A497EB /* Build configuration list for PBXNativeTarget "Actividad 1" */;
			buildPhases = (
				E833D3B42AA931DC00A497EB /* Sources */,
				E833D3B52AA931DC00A497EB /* Frameworks */,
				E833D3B62AA931DC00A497EB /* Resources */,
			);
			buildRules = (
			);
			dependencies = (
			);
			name = "Actividad 1";
			productName = "Actividad 1";
			productReference = E833D3B82AA931DC00A497EB /* Actividad 1.app */;
			productType = "com.apple.product-type.application";
		};
		E833D3CD2AA931E000A497EB /* Actividad 1Tests */ = {
			isa = PBXNativeTarget;
			buildConfigurationList = E833D3E52AA931E000A497EB /* Build configuration list for PBXNativeTarget "Actividad 1Tests" */;
			buildPhases = (
				E833D3CA2AA931E000A497EB /* Sources */,
				E833D3CB2AA931E000A497EB /* Frameworks */,
				E833D3CC2AA931E000A497EB /* Resources */,
			);
			buildRules = (
			);
			dependencies = (
				E833D3D02AA931E000A497EB /* PBXTargetDependency */,
			);
			name = "Actividad 1Tests";
			productName = "Actividad 1Tests";
			productReference = E833D3CE2AA931E000A497EB /* Actividad 1Tests.xctest */;
			productType = "com.apple.product-type.bundle.unit-test";
		};
		E833D3D82AA931E000A497EB /* Actividad 1UITests */ = {
			isa = PBXNativeTarget;
			buildConfigurationList = E833D3E82AA931E000A497EB /* Build configuration list for PBXNativeTarget "Actividad 1UITests" */;
			buildPhases = (
				E833D3D52AA931E000A497EB /* Sources */,
				E833D3D62AA931E000A497EB /* Frameworks */,
				E833D3D72AA931E000A497EB /* Resources */,
			);
			buildRules = (
			);
			dependencies = (
				E833D3DB2AA931E000A497EB /* PBXTargetDependency */,
			);
			name = "Actividad 1UITests";
			productName = "Actividad 1UITests";
			productReference = E833D3D92AA931E000A497EB /* Actividad 1UITests.xctest */;
			productType = "com.apple.product-type.bundle.ui-testing";
		};
/* End PBXNativeTarget section */

/* Begin PBXProject section */
		E833D3B02AA931DC00A497EB /* Project object */ = {
			isa = PBXProject;
			attributes = {
				LastSwiftUpdateCheck = 1170;
				LastUpgradeCheck = 1170;
				ORGANIZATIONNAME = "Hector Gonzalez";
				TargetAttributes = {
					E833D3B72AA931DC00A497EB = {
						CreatedOnToolsVersion = 11.7;
					};
					E833D3CD2AA931E000A497EB = {
						CreatedOnToolsVersion = 11.7;
						TestTargetID = E833D3B72AA931DC00A497EB;
					};
					E833D3D82AA931E000A497EB = {
						CreatedOnToolsVersion = 11.7;
						TestTargetID = E833D3B72AA931DC00A497EB;
					};
				};
			};
			buildConfigurationList = E833D3B32AA931DC00A497EB /* Build configuration list for PBXProject "Actividad 1" */;
			compatibilityVersion = "Xcode 9.3";
			developmentRegion = en;
			hasScannedForEncodings = 0;
			knownRegions = (
				en,
				Base,
			);
			mainGroup = E833D3AF2AA931DC00A497EB;
			productRefGroup = E833D3B92AA931DC00A497EB /* Products */;
			projectDirPath = "";
			projectRoot = "";
			targets = (
				E833D3B72AA931DC00A497EB /* Actividad 1 */,
				E833D3CD2AA931E000A497EB /* Actividad 1Tests */,
				E833D3D82AA931E000A497EB /* Actividad 1UITests */,
			);
		};
/* End PBXProject section */

/* Begin PBXResourcesBuildPhase section */
		E833D3B62AA931DC00A497EB /* Resources */ = {
			isa = PBXResourcesBuildPhase;
			buildActionMask = 2147483647;
			files = (
				E833D3C82AA931E000A497EB /* LaunchScreen.storyboard in Resources */,
				E833D3C52AA931E000A497EB /* Preview Assets.xcassets in Resources */,
				E833D3C22AA931E000A497EB /* Assets.xcassets in Resources */,
			);
			runOnlyForDeploymentPostprocessing = 0;
		};
		E833D3CC2AA931E000A497EB /* Resources */ = {
			isa = PBXResourcesBuildPhase;
			buildActionMask = 2147483647;
			files = (
			);
			runOnlyForDeploymentPostprocessing = 0;
		};
		E833D3D72AA931E000A497EB /* Resources */ = {
			isa = PBXResourcesBuildPhase;
			buildActionMask = 2147483647;
			files = (
			);
			runOnlyForDeploymentPostprocessing = 0;
		};
/* End PBXResourcesBuildPhase section */

/* Begin PBXSourcesBuildPhase section */
		E833D3B42AA931DC00A497EB /* Sources */ = {
			isa = PBXSourcesBuildPhase;
			buildActionMask = 2147483647;
			files = (
				E833D3BC2AA931DC00A497EB /* AppDelegate.swift in Sources */,
				E833D3BE2AA931DC00A497EB /* SceneDelegate.swift in Sources */,
				E833D3C02AA931DC00A497EB /* ContentView.swift in Sources */,
			);
			runOnlyForDeploymentPostprocessing = 0;
		};
		E833D3CA2AA931E000A497EB /* Sources */ = {
			isa = PBXSourcesBuildPhase;
			buildActionMask = 2147483647;
			files = (
				E833D3D32AA931E000A497EB /* Actividad_1Tests.swift in Sources */,
			);
			runOnlyForDeploymentPostprocessing = 0;
		};
		E833D3D52AA931E000A497EB /* Sources */ = {
			isa = PBXSourcesBuildPhase;
			buildActionMask = 2147483647;
			files = (
				E833D3DE2AA931E000A497EB /* Actividad_1UITests.swift in Sources */,
			);
			runOnlyForDeploymentPostprocessing = 0;
		};
/* End PBXSourcesBuildPhase section */

/* Begin PBXTargetDependency section */
		E833D3D02AA931E000A497EB /* PBXTargetDependency */ = {
			isa = PBXTargetDependency;
			target = E833D3B72AA931DC00A497EB /* Actividad 1 */;
			targetProxy = E833D3CF2AA931E000A497EB /* PBXContainerItemProxy */;
		};
		E833D3DB2AA931E000A497EB /* PBXTargetDependency */ = {
			isa = PBXTargetDependency;
			target = E833D3B72AA931DC00A497EB /* Actividad 1 */;
			targetProxy = E833D3DA2AA931E000A497EB /* PBXContainerItemProxy */;
		};
/* End PBXTargetDependency section */

/* Begin PBXVariantGroup section */
		E833D3C62AA931E000A497EB /* LaunchScreen.storyboard */ = {
			isa = PBXVariantGroup;
			children = (
				E833D3C72AA931E000A497EB /* Base */,
			);
			name = LaunchScreen.storyboard;
			sourceTree = "<group>";
		};
/* End PBXVariantGroup section */

/* Begin XCBuildConfiguration section */
		E833D3E02AA931E000A497EB /* Debug */ = {
			isa = XCBuildConfiguration;
			buildSettings = {
				ALWAYS_SEARCH_USER_PATHS = NO;
				CLANG_ANALYZER_NONNULL = YES;
				CLANG_ANALYZER_NUMBER_OBJECT_CONVERSION = YES_AGGRESSIVE;
				CLANG_CXX_LANGUAGE_STANDARD = "gnu++14";
				CLANG_CXX_LIBRARY = "libc++";
				CLANG_ENABLE_MODULES = YES;
				CLANG_ENABLE_OBJC_ARC = YES;
				CLANG_ENABLE_OBJC_WEAK = YES;
				CLANG_WARN_BLOCK_CAPTURE_AUTORELEASING = YES;
				CLANG_WARN_BOOL_CONVERSION = YES;
				CLANG_WARN_COMMA = YES;
				CLANG_WARN_CONSTANT_CONVERSION = YES;
				CLANG_WARN_DEPRECATED_OBJC_IMPLEMENTATIONS = YES;
				CLANG_WARN_DIRECT_OBJC_ISA_USAGE = YES_ERROR;
				CLANG_WARN_DOCUMENTATION_COMMENTS = YES;
				CLANG_WARN_EMPTY_BODY = YES;
				CLANG_WARN_ENUM_CONVERSION = YES;
				CLANG_WARN_INFINITE_RECURSION = YES;
				CLANG_WARN_INT_CONVERSION = YES;
				CLANG_WARN_NON_LITERAL_NULL_CONVERSION = YES;
				CLANG_WARN_OBJC_IMPLICIT_RETAIN_SELF = YES;
				CLANG_WARN_OBJC_LITERAL_CONVERSION = YES;
				CLANG_WARN_OBJC_ROOT_CLASS = YES_ERROR;
				CLANG_WARN_RANGE_LOOP_ANALYSIS = YES;
				CLANG_WARN_STRICT_PROTOTYPES = YES;
				CLANG_WARN_SUSPICIOUS_MOVE = YES;
				CLANG_WARN_UNGUARDED_AVAILABILITY = YES_AGGRESSIVE;
				CLANG_WARN_UNREACHABLE_CODE = YES;
				CLANG_WARN__DUPLICATE_METHOD_MATCH = YES;
				COPY_PHASE_STRIP = NO;
				DEBUG_INFORMATION_FORMAT = dwarf;
				ENABLE_STRICT_OBJC_MSGSEND = YES;
				ENABLE_TESTABILITY = YES;
				GCC_C_LANGUAGE_STANDARD = gnu11;
				GCC_DYNAMIC_NO_PIC = NO;
				GCC_NO_COMMON_BLOCKS = YES;
				GCC_OPTIMIZATION_LEVEL = 0;
				GCC_PREPROCESSOR_DEFINITIONS = (
					"DEBUG=1",
					"$(inherited)",
				);
				GCC_WARN_64_TO_32_BIT_CONVERSION = YES;
				GCC_WARN_ABOUT_RETURN_TYPE = YES_ERROR;
				GCC_WARN_UNDECLARED_SELECTOR = YES;
				GCC_WARN_UNINITIALIZED_AUTOS = YES_AGGRESSIVE;
				GCC_WARN_UNUSED_FUNCTION = YES;
				GCC_WARN_UNUSED_VARIABLE = YES;
				IPHONEOS_DEPLOYMENT_TARGET = 13.7;
				MTL_ENABLE_DEBUG_INFO = INCLUDE_SOURCE;
				MTL_FAST_MATH = YES;
				ONLY_ACTIVE_ARCH = YES;
				SDKROOT = iphoneos;
				SWIFT_ACTIVE_COMPILATION_CONDITIONS = DEBUG;
				SWIFT_OPTIMIZATION_LEVEL = "-Onone";
			};
			name = Debug;
		};
		E833D3E12AA931E000A497EB /* Release */ = {
			isa = XCBuildConfiguration;
			buildSettings = {
				ALWAYS_SEARCH_USER_PATHS = NO;
				CLANG_ANALYZER_NONNULL = YES;
				CLANG_ANALYZER_NUMBER_OBJECT_CONVERSION = YES_AGGRESSIVE;
				CLANG_CXX_LANGUAGE_STANDARD = "gnu++14";
				CLANG_CXX_LIBRARY = "libc++";
				CLANG_ENABLE_MODULES = YES;
				CLANG_ENABLE_OBJC_ARC = YES;
				CLANG_ENABLE_OBJC_WEAK = YES;
				CLANG_WARN_BLOCK_CAPTURE_AUTORELEASING = YES;
				CLANG_WARN_BOOL_CONVERSION = YES;
				CLANG_WARN_COMMA = YES;
				CLANG_WARN_CONSTANT_CONVERSION = YES;
				CLANG_WARN_DEPRECATED_OBJC_IMPLEMENTATIONS = YES;
				CLANG_WARN_DIRECT_OBJC_ISA_USAGE = YES_ERROR;
				CLANG_WARN_DOCUMENTATION_COMMENTS = YES;
				CLANG_WARN_EMPTY_BODY = YES;
				CLANG_WARN_ENUM_CONVERSION = YES;
				CLANG_WARN_INFINITE_RECURSION = YES;
				CLANG_WARN_INT_CONVERSION = YES;
				CLANG_WARN_NON_LITERAL_NULL_CONVERSION = YES;
				CLANG_WARN_OBJC_IMPLICIT_RETAIN_SELF = YES;
				CLANG_WARN_OBJC_LITERAL_CONVERSION = YES;
				CLANG_WARN_OBJC_ROOT_CLASS = YES_ERROR;
				CLANG_WARN_RANGE_LOOP_ANALYSIS = YES;
				CLANG_WARN_STRICT_PROTOTYPES = YES;
				CLANG_WARN_SUSPICIOUS_MOVE = YES;
				CLANG_WARN_UNGUARDED_AVAILABILITY = YES_AGGRESSIVE;
				CLANG_WARN_UNREACHABLE_CODE = YES;
				CLANG_WARN__DUPLICATE_METHOD_MATCH = YES;
				COPY_PHASE_STRIP = NO;
				DEBUG_INFORMATION_FORMAT = "dwarf-with-dsym";
				ENABLE_NS_ASSERTIONS = NO;
				ENABLE_STRICT_OBJC_MSGSEND = YES;
				GCC_C_LANGUAGE_STANDARD = gnu11;
				GCC_NO_COMMON_BLOCKS = YES;
				GCC_WARN_64_TO_32_BIT_CONVERSION = YES;
				GCC_WARN_ABOUT_RETURN_TYPE = YES_ERROR;
				GCC_WARN_UNDECLARED_SELECTOR = YES;
				GCC_WARN_UNINITIALIZED_AUTOS = YES_AGGRESSIVE;
				GCC_WARN_UNUSED_FUNCTION = YES;
				GCC_WARN_UNUSED_VARIABLE = YES;
				IPHONEOS_DEPLOYMENT_TARGET = 13.7;
				MTL_ENABLE_DEBUG_INFO = NO;
				MTL_FAST_MATH = YES;
				SDKROOT = iphoneos;
				SWIFT_COMPILATION_MODE = wholemodule;
				SWIFT_OPTIMIZATION_LEVEL = "-O";
				VALIDATE_PRODUCT = YES;
			};
			name = Release;
		};
		E833D3E32AA931E000A497EB /* Debug */ = {
			isa = XCBuildConfiguration;
			buildSettings = {
				ASSETCATALOG_COMPILER_APPICON_NAME = AppIcon;
				CODE_SIGN_STYLE = Automatic;
				DEVELOPMENT_ASSET_PATHS = "\"Actividad 1/Preview Content\"";
				ENABLE_PREVIEWS = YES;
				INFOPLIST_FILE = "Actividad 1/Info.plist";
				LD_RUNPATH_SEARCH_PATHS = (
					"$(inherited)",
					"@executable_path/Frameworks",
				);
				PRODUCT_BUNDLE_IDENTIFIER = "edu.Iest.Actividad-1";
				PRODUCT_NAME = "$(TARGET_NAME)";
				SWIFT_VERSION = 5.0;
				TARGETED_DEVICE_FAMILY = "1,2";
			};
			name = Debug;
		};
		E833D3E42AA931E000A497EB /* Release */ = {
			isa = XCBuildConfiguration;
			buildSettings = {
				ASSETCATALOG_COMPILER_APPICON_NAME = AppIcon;
				CODE_SIGN_STYLE = Automatic;
				DEVELOPMENT_ASSET_PATHS = "\"Actividad 1/Preview Content\"";
				ENABLE_PREVIEWS = YES;
				INFOPLIST_FILE = "Actividad 1/Info.plist";
				LD_RUNPATH_SEARCH_PATHS = (
					"$(inherited)",
					"@executable_path/Frameworks",
				);
				PRODUCT_BUNDLE_IDENTIFIER = "edu.Iest.Actividad-1";
				PRODUCT_NAME = "$(TARGET_NAME)";
				SWIFT_VERSION = 5.0;
				TARGETED_DEVICE_FAMILY = "1,2";
			};
			name = Release;
		};
		E833D3E62AA931E000A497EB /* Debug */ = {
			isa = XCBuildConfiguration;
			buildSettings = {
				ALWAYS_EMBED_SWIFT_STANDARD_LIBRARIES = YES;
				BUNDLE_LOADER = "$(TEST_HOST)";
				CODE_SIGN_STYLE = Automatic;
				INFOPLIST_FILE = "Actividad 1Tests/Info.plist";
				IPHONEOS_DEPLOYMENT_TARGET = 13.7;
				LD_RUNPATH_SEARCH_PATHS = (
					"$(inherited)",
					"@executable_path/Frameworks",
					"@loader_path/Frameworks",
				);
				PRODUCT_BUNDLE_IDENTIFIER = "edu.Iest.Actividad-1Tests";
				PRODUCT_NAME = "$(TARGET_NAME)";
				SWIFT_VERSION = 5.0;
				TARGETED_DEVICE_FAMILY = "1,2";
				TEST_HOST = "$(BUILT_PRODUCTS_DIR)/Actividad 1.app/Actividad 1";
			};
			name = Debug;
		};
		E833D3E72AA931E000A497EB /* Release */ = {
			isa = XCBuildConfiguration;
			buildSettings = {
				ALWAYS_EMBED_SWIFT_STANDARD_LIBRARIES = YES;
				BUNDLE_LOADER = "$(TEST_HOST)";
				CODE_SIGN_STYLE = Automatic;
				INFOPLIST_FILE = "Actividad 1Tests/Info.plist";
				IPHONEOS_DEPLOYMENT_TARGET = 13.7;
				LD_RUNPATH_SEARCH_PATHS = (
					"$(inherited)",
					"@executable_path/Frameworks",
					"@loader_path/Frameworks",
				);
				PRODUCT_BUNDLE_IDENTIFIER = "edu.Iest.Actividad-1Tests";
				PRODUCT_NAME = "$(TARGET_NAME)";
				SWIFT_VERSION = 5.0;
				TARGETED_DEVICE_FAMILY = "1,2";
				TEST_HOST = "$(BUILT_PRODUCTS_DIR)/Actividad 1.app/Actividad 1";
			};
			name = Release;
		};
		E833D3E92AA931E000A497EB /* Debug */ = {
			isa = XCBuildConfiguration;
			buildSettings = {
				ALWAYS_EMBED_SWIFT_STANDARD_LIBRARIES = YES;
				CODE_SIGN_STYLE = Automatic;
				INFOPLIST_FILE = "Actividad 1UITests/Info.plist";
				LD_RUNPATH_SEARCH_PATHS = (
					"$(inherited)",
					"@executable_path/Frameworks",
					"@loader_path/Frameworks",
				);
				PRODUCT_BUNDLE_IDENTIFIER = "edu.Iest.Actividad-1UITests";
				PRODUCT_NAME = "$(TARGET_NAME)";
				SWIFT_VERSION = 5.0;
				TARGETED_DEVICE_FAMILY = "1,2";
				TEST_TARGET_NAME = "Actividad 1";
			};
			name = Debug;
		};
		E833D3EA2AA931E000A497EB /* Release */ = {
			isa = XCBuildConfiguration;
			buildSettings = {
				ALWAYS_EMBED_SWIFT_STANDARD_LIBRARIES = YES;
				CODE_SIGN_STYLE = Automatic;
				INFOPLIST_FILE = "Actividad 1UITests/Info.plist";
				LD_RUNPATH_SEARCH_PATHS = (
					"$(inherited)",
					"@executable_path/Frameworks",
					"@loader_path/Frameworks",
				);
				PRODUCT_BUNDLE_IDENTIFIER = "edu.Iest.Actividad-1UITests";
				PRODUCT_NAME = "$(TARGET_NAME)";
				SWIFT_VERSION = 5.0;
				TARGETED_DEVICE_FAMILY = "1,2";
				TEST_TARGET_NAME = "Actividad 1";
			};
			name = Release;
		};
/* End XCBuildConfiguration section */

/* Begin XCConfigurationList section */
		E833D3B32AA931DC00A497EB /* Build configuration list for PBXProject "Actividad 1" */ = {
			isa = XCConfigurationList;
			buildConfigurations = (
				E833D3E02AA931E000A497EB /* Debug */,
				E833D3E12AA931E000A497EB /* Release */,
			);
			defaultConfigurationIsVisible = 0;
			defaultConfigurationName = Release;
		};
		E833D3E22AA931E000A497EB /* Build configuration list for PBXNativeTarget "Actividad 1" */ = {
			isa = XCConfigurationList;
			buildConfigurations = (
				E833D3E32AA931E000A497EB /* Debug */,
				E833D3E42AA931E000A497EB /* Release */,
			);
			defaultConfigurationIsVisible = 0;
			defaultConfigurationName = Release;
		};
		E833D3E52AA931E000A497EB /* Build configuration list for PBXNativeTarget "Actividad 1Tests" */ = {
			isa = XCConfigurationList;
			buildConfigurations = (
				E833D3E62AA931E000A497EB /* Debug */,
				E833D3E72AA931E000A497EB /* Release */,
			);
			defaultConfigurationIsVisible = 0;
			defaultConfigurationName = Release;
		};
		E833D3E82AA931E000A497EB /* Build configuration list for PBXNativeTarget "Actividad 1UITests" */ = {
			isa = XCConfigurationList;
			buildConfigurations = (
				E833D3E92AA931E000A497EB /* Debug */,
				E833D3EA2AA931E000A497EB /* Release */,
			);
			defaultConfigurationIsVisible = 0;
			defaultConfigurationName = Release;
		};
/* End XCConfigurationList section */
	};
	rootObject = E833D3B02AA931DC00A497EB /* Project object */;
}
